
Microsoft Visual Studio Solution File, Format Version 12.00
# Visual Studio Version 16
VisualStudioVersion = 16.0.30611.23
MinimumVisualStudioVersion = 10.0.40219.1
Project("{9A19103F-16F7-4668-BE54-9A1E7A4F7556}") = "insulator", "insulator\insulator.csproj", "{4BD63431-08CB-46B4-8929-96186DF84810}"
EndProject
Global
	GlobalSection(SolutionConfigurationPlatforms) = preSolution
		Debug|Any CPU = Debug|Any CPU
		Release|Any CPU = Release|Any CPU
	EndGlobalSection
	GlobalSection(ProjectConfigurationPlatforms) = postSolution
		{4BD63431-08CB-46B4-8929-96186DF84810}.Debug|Any CPU.ActiveCfg = Debug|Any CPU
		{4BD63431-08CB-46B4-8929-96186DF84810}.Debug|Any CPU.Build.0 = Debug|Any CPU
		{4BD63431-08CB-46B4-8929-96186DF84810}.Release|Any CPU.ActiveCfg = Release|Any CPU
		{4BD63431-08CB-46B4-8929-96186DF84810}.Release|Any CPU.Build.0 = Release|Any CPU
	EndGlobalSection
	GlobalSection(SolutionProperties) = preSolution
		HideSolutionNode = FALSE
	EndGlobalSection
	GlobalSection(ExtensibilityGlobals) = postSolution
		SolutionGuid = {8FF498DB-6A82-4E6C-8AEB-F00676935AF8}
	EndGlobalSection
EndGlobal
